{
  "name": "metaverse",
  "lockfileVersion": 3,
  "requires": true,
  "packages": {
    "": {
      "name": "metaverse",
      "devDependencies": {
        "prettier": "^3.2.5",
        "turbo": "^2.2.3",
        "typescript": "5.5.4"
      },
      "engines": {
        "node": ">=18"
      }
    },
    "node_modules/prettier": {
      "version": "3.5.1",
      "resolved": "https://registry.npmjs.org/prettier/-/prettier-3.5.1.tgz",
      "integrity": "sha512-hPpFQvHwL3Qv5AdRvBFMhnKo4tYxp0ReXiPn2bxkiohEX6mBeBwEpBSQTkD458RaaDKQMYSp4hX4UtfUTA5wDw==",
      "dev": true,
      "license": "MIT",
      "bin": {
        "prettier": "bin/prettier.cjs"
      },
      "engines": {
        "node": ">=14"
      },
      "funding": {
        "url": "https://github.com/prettier/prettier?sponsor=1"
      }
    },
    "node_modules/turbo": {
      "version": "2.4.2",
      "resolved": "https://registry.npmjs.org/turbo/-/turbo-2.4.2.tgz",
      "integrity": "sha512-Qxi0ioQCxMRUCcHKHZkTnYH8e7XCpNfg9QiJcyfWIc+ZXeaCjzV5rCGlbQlTXMAtI8qgfP8fZADv3CFtPwqdPQ==",
      "dev": true,
      "license": "MIT",
      "bin": {
        "turbo": "bin/turbo"
      },
      "optionalDependencies": {
        "turbo-darwin-64": "2.4.2",
        "turbo-darwin-arm64": "2.4.2",
        "turbo-linux-64": "2.4.2",
        "turbo-linux-arm64": "2.4.2",
        "turbo-windows-64": "2.4.2",
        "turbo-windows-arm64": "2.4.2"
      }
    },
    "node_modules/turbo-linux-64": {
      "version": "2.4.2",
      "resolved": "https://registry.npmjs.org/turbo-linux-64/-/turbo-linux-64-2.4.2.tgz",
      "integrity": "sha512-Fy/uL8z/LAYcPbm7a1LwFnTY9pIi5FAi12iuHsgB7zHjdh4eeIKS2NIg4nroAmTcUTUZ0/cVTo4bDOCUcS3aKw==",
      "cpu": [
        "x64"
      ],
      "dev": true,
      "license": "MIT",
      "optional": true,
      "os": [
        "linux"
      ]
    },
    "node_modules/typescript": {
      "version": "5.5.4",
      "resolved": "https://registry.npmjs.org/typescript/-/typescript-5.5.4.tgz",
      "integrity": "sha512-Mtq29sKDAEYP7aljRgtPOpTvOfbwRWlS6dPRzwjdE+C0R4brX/GUyhHSecbHMFLNBLcJIPt9nl9yG5TZ1weH+Q==",
      "dev": true,
      "license": "Apache-2.0",
      "bin": {
        "tsc": "bin/tsc",
        "tsserver": "bin/tsserver"
      },
      "engines": {
        "node": ">=14.17"
      }
    }
  }
}
